// !$*UTF8*$!
{
	archiveVersion = 1;
	classes = {
	};
	objectVersion = 77;
	objects = {

/* Begin PBXBuildFile section */
		E41B235F2DA0AD6100C0FB6E /* Nuke in Frameworks */ = {isa = PBXBuildFile; productRef = E41B235E2DA0AD6100C0FB6E /* Nuke */; };
/* End PBXBuildFile section */

/* Begin PBXContainerItemProxy section */
		E4173DB52D94BA3500ACE5CE /* PBXContainerItemProxy */ = {
			isa = PBXContainerItemProxy;
			containerPortal = E4173D962D94BA3100ACE5CE /* Project object */;
			proxyType = 1;
			remoteGlobalIDString = E4173D9D2D94BA3100ACE5CE;
			remoteInfo = Capstone;
		};
		E4173DBF2D94BA3500ACE5CE /* PBXContainerItemProxy */ = {
			isa = PBXContainerItemProxy;
			containerPortal = E4173D962D94BA3100ACE5CE /* Project object */;
			proxyType = 1;
			remoteGlobalIDString = E4173D9D2D94BA3100ACE5CE;
			remoteInfo = Capstone;
		};
/* End PBXContainerItemProxy section */

/* Begin PBXFileReference section */
		E4173D9E2D94BA3100ACE5CE /* Capstone.app */ = {isa = PBXFileReference; explicitFileType = wrapper.application; includeInIndex = 0; path = Capstone.app; sourceTree = BUILT_PRODUCTS_DIR; };
		E4173DB42D94BA3500ACE5CE /* CapstoneTests.xctest */ = {isa = PBXFileReference; explicitFileType = wrapper.cfbundle; includeInIndex = 0; path = CapstoneTests.xctest; sourceTree = BUILT_PRODUCTS_DIR; };
		E4173DBE2D94BA3500ACE5CE /* CapstoneUITests.xctest */ = {isa = PBXFileReference; explicitFileType = wrapper.cfbundle; includeInIndex = 0; path = CapstoneUITests.xctest; sourceTree = BUILT_PRODUCTS_DIR; };
/* End PBXFileReference section */

/* Begin PBXFileSystemSynchronizedBuildFileExceptionSet section */
		E4173DC62D94BA3500ACE5CE /* Exceptions for "Capstone" folder in "Capstone" target */ = {
			isa = PBXFileSystemSynchronizedBuildFileExceptionSet;
			membershipExceptions = (
				Info.plist,
			);
			target = E4173D9D2D94BA3100ACE5CE /* Capstone */;
		};
/* End PBXFileSystemSynchronizedBuildFileExceptionSet section */

/* Begin PBXFileSystemSynchronizedRootGroup section */
		E4173DA02D94BA3100ACE5CE /* Capstone */ = {
			isa = PBXFileSystemSynchronizedRootGroup;
			exceptions = (
				E4173DC62D94BA3500ACE5CE /* Exceptions for "Capstone" folder in "Capstone" target */,
			);
			path = Capstone;
			sourceTree = "<group>";
		};
		E4173DB72D94BA3500ACE5CE /* CapstoneTests */ = {
			isa = PBXFileSystemSynchronizedRootGroup;
			path = CapstoneTests;
			sourceTree = "<group>";
		};
		E4173DC12D94BA3500ACE5CE /* CapstoneUITests */ = {
			isa = PBXFileSystemSynchronizedRootGroup;
			path = CapstoneUITests;
			sourceTree = "<group>";
		};
/* End PBXFileSystemSynchronizedRootGroup section */

/* Begin PBXFrameworksBuildPhase section */
		E4173D9B2D94BA3100ACE5CE /* Frameworks */ = {
			isa = PBXFrameworksBuildPhase;
			buildActionMask = 2147483647;
			files = (
				E41B235F2DA0AD6100C0FB6E /* Nuke in Frameworks */,
			);
			runOnlyForDeploymentPostprocessing = 0;
		};
		E4173DB12D94BA3500ACE5CE /* Frameworks */ = {
			isa = PBXFrameworksBuildPhase;
			buildActionMask = 2147483647;
			files = (
			);
			runOnlyForDeploymentPostprocessing = 0;
		};
		E4173DBB2D94BA3500ACE5CE /* Frameworks */ = {
			isa = PBXFrameworksBuildPhase;
			buildActionMask = 2147483647;
			files = (
			);
			runOnlyForDeploymentPostprocessing = 0;
		};
/* End PBXFrameworksBuildPhase section */

/* Begin PBXGroup section */
		E4173D952D94BA3100ACE5CE = {
			isa = PBXGroup;
			children = (
				E4173DA02D94BA3100ACE5CE /* Capstone */,
				E4173DB72D94BA3500ACE5CE /* CapstoneTests */,
				E4173DC12D94BA3500ACE5CE /* CapstoneUITests */,
				E4173D9F2D94BA3100ACE5CE /* Products */,
			);
			sourceTree = "<group>";
		};
		E4173D9F2D94BA3100ACE5CE /* Products */ = {
			isa = PBXGroup;
			children = (
				E4173D9E2D94BA3100ACE5CE /* Capstone.app */,
				E4173DB42D94BA3500ACE5CE /* CapstoneTests.xctest */,
				E4173DBE2D94BA3500ACE5CE /* CapstoneUITests.xctest */,
			);
			name = Products;
			sourceTree = "<group>";
		};
/* End PBXGroup section */

/* Begin PBXNativeTarget section */
		E4173D9D2D94BA3100ACE5CE /* Capstone */ = {
			isa = PBXNativeTarget;
			buildConfigurationList = E4173DC72D94BA3500ACE5CE /* Build configuration list for PBXNativeTarget "Capstone" */;
			buildPhases = (
				E4173D9A2D94BA3100ACE5CE /* Sources */,
				E4173D9B2D94BA3100ACE5CE /* Frameworks */,
				E4173D9C2D94BA3100ACE5CE /* Resources */,
			);
			buildRules = (
			);
			dependencies = (
			);
			fileSystemSynchronizedGroups = (
				E4173DA02D94BA3100ACE5CE /* Capstone */,
			);
			name = Capstone;
			packageProductDependencies = (
				E41B235E2DA0AD6100C0FB6E /* Nuke */,
			);
			productName = Capstone;
			productReference = E4173D9E2D94BA3100ACE5CE /* Capstone.app */;
			productType = "com.apple.product-type.application";
		};
		E4173DB32D94BA3500ACE5CE /* CapstoneTests */ = {
			isa = PBXNativeTarget;
			buildConfigurationList = E4173DCC2D94BA3500ACE5CE /* Build configuration list for PBXNativeTarget "CapstoneTests" */;
			buildPhases = (
				E4173DB02D94BA3500ACE5CE /* Sources */,
				E4173DB12D94BA3500ACE5CE /* Frameworks */,
				E4173DB22D94BA3500ACE5CE /* Resources */,
			);
			buildRules = (
			);
			dependencies = (
				E4173DB62D94BA3500ACE5CE /* PBXTargetDependency */,
			);
			fileSystemSynchronizedGroups = (
				E4173DB72D94BA3500ACE5CE /* CapstoneTests */,
			);
			name = CapstoneTests;
			packageProductDependencies = (
			);
			productName = CapstoneTests;
			productReference = E4173DB42D94BA3500ACE5CE /* CapstoneTests.xctest */;
			productType = "com.apple.product-type.bundle.unit-test";
		};
		E4173DBD2D94BA3500ACE5CE /* CapstoneUITests */ = {
			isa = PBXNativeTarget;
			buildConfigurationList = E4173DCF2D94BA3500ACE5CE /* Build configuration list for PBXNativeTarget "CapstoneUITests" */;
			buildPhases = (
				E4173DBA2D94BA3500ACE5CE /* Sources */,
				E4173DBB2D94BA3500ACE5CE /* Frameworks */,
				E4173DBC2D94BA3500ACE5CE /* Resources */,
			);
			buildRules = (
			);
			dependencies = (
				E4173DC02D94BA3500ACE5CE /* PBXTargetDependency */,
			);
			fileSystemSynchronizedGroups = (
				E4173DC12D94BA3500ACE5CE /* CapstoneUITests */,
			);
			name = CapstoneUITests;
			packageProductDependencies = (
			);
			productName = CapstoneUITests;
			productReference = E4173DBE2D94BA3500ACE5CE /* CapstoneUITests.xctest */;
			productType = "com.apple.product-type.bundle.ui-testing";
		};
/* End PBXNativeTarget section */

/* Begin PBXProject section */
		E4173D962D94BA3100ACE5CE /* Project object */ = {
			isa = PBXProject;
			attributes = {
				BuildIndependentTargetsInParallel = 1;
				LastSwiftUpdateCheck = 1620;
				LastUpgradeCheck = 1620;
				TargetAttributes = {
					E4173D9D2D94BA3100ACE5CE = {
						CreatedOnToolsVersion = 16.2;
					};
					E4173DB32D94BA3500ACE5CE = {
						CreatedOnToolsVersion = 16.2;
						TestTargetID = E4173D9D2D94BA3100ACE5CE;
					};
					E4173DBD2D94BA3500ACE5CE = {
						CreatedOnToolsVersion = 16.2;
						TestTargetID = E4173D9D2D94BA3100ACE5CE;
					};
				};
			};
			buildConfigurationList = E4173D992D94BA3100ACE5CE /* Build configuration list for PBXProject "Capstone" */;
			developmentRegion = en;
			hasScannedForEncodings = 0;
			knownRegions = (
				en,
				Base,
			);
			mainGroup = E4173D952D94BA3100ACE5CE;
			minimizedProjectReferenceProxies = 1;
			packageReferences = (
				E41B235D2DA0AD6100C0FB6E /* XCLocalSwiftPackageReference "Nuke" */,
			);
			preferredProjectObjectVersion = 77;
			productRefGroup = E4173D9F2D94BA3100ACE5CE /* Products */;
			projectDirPath = "";
			projectRoot = "";
			targets = (
				E4173D9D2D94BA3100ACE5CE /* Capstone */,
				E4173DB32D94BA3500ACE5CE /* CapstoneTests */,
				E4173DBD2D94BA3500ACE5CE /* CapstoneUITests */,
			);
		};
/* End PBXProject section */

/* Begin PBXResourcesBuildPhase section */
		E4173D9C2D94BA3100ACE5CE /* Resources */ = {
			isa = PBXResourcesBuildPhase;
			buildActionMask = 2147483647;
			files = (
			);
			runOnlyForDeploymentPostprocessing = 0;
		};
		E4173DB22D94BA3500ACE5CE /* Resources */ = {
			isa = PBXResourcesBuildPhase;
			buildActionMask = 2147483647;
			files = (
			);
			runOnlyForDeploymentPostprocessing = 0;
		};
		E4173DBC2D94BA3500ACE5CE /* Resources */ = {
			isa = PBXResourcesBuildPhase;
			buildActionMask = 2147483647;
			files = (
			);
			runOnlyForDeploymentPostprocessing = 0;
		};
/* End PBXResourcesBuildPhase section */

/* Begin PBXSourcesBuildPhase section */
		E4173D9A2D94BA3100ACE5CE /* Sources */ = {
			isa = PBXSourcesBuildPhase;
			buildActionMask = 2147483647;
			files = (
			);
			runOnlyForDeploymentPostprocessing = 0;
		};
		E4173DB02D94BA3500ACE5CE /* Sources */ = {
			isa = PBXSourcesBuildPhase;
			buildActionMask = 2147483647;
			files = (
			);
			runOnlyForDeploymentPostprocessing = 0;
		};
		E4173DBA2D94BA3500ACE5CE /* Sources */ = {
			isa = PBXSourcesBuildPhase;
			buildActionMask = 2147483647;
			files = (
			);
			runOnlyForDeploymentPostprocessing = 0;
		};
/* End PBXSourcesBuildPhase section */

/* Begin PBXTargetDependency section */
		E4173DB62D94BA3500ACE5CE /* PBXTargetDependency */ = {
			isa = PBXTargetDependency;
			target = E4173D9D2D94BA3100ACE5CE /* Capstone */;
			targetProxy = E4173DB52D94BA3500ACE5CE /* PBXContainerItemProxy */;
		};
		E4173DC02D94BA3500ACE5CE /* PBXTargetDependency */ = {
			isa = PBXTargetDependency;
			target = E4173D9D2D94BA3100ACE5CE /* Capstone */;
			targetProxy = E4173DBF2D94BA3500ACE5CE /* PBXContainerItemProxy */;
		};
/* End PBXTargetDependency section */

/* Begin XCBuildConfiguration section */
		E4173DC82D94BA3500ACE5CE /* Debug */ = {
			isa = XCBuildConfiguration;
			buildSettings = {
				ASSETCATALOG_COMPILER_APPICON_NAME = AppIcon;
				ASSETCATALOG_COMPILER_GLOBAL_ACCENT_COLOR_NAME = AccentColor;
				CODE_SIGN_STYLE = Automatic;
				CURRENT_PROJECT_VERSION = 1;
				GENERATE_INFOPLIST_FILE = YES;
				INFOPLIST_FILE = Capstone/Info.plist;
				INFOPLIST_KEY_UIApplicationSupportsIndirectInputEvents = YES;
				INFOPLIST_KEY_UILaunchStoryboardName = LaunchScreen;
				INFOPLIST_KEY_UIMainStoryboardFile = Main;
				INFOPLIST_KEY_UISupportedInterfaceOrientations_iPad = "UIInterfaceOrientationPortrait UIInterfaceOrientationPortraitUpsideDown UIInterfaceOrientationLandscapeLeft UIInterfaceOrientationLandscapeRight";
				INFOPLIST_KEY_UISupportedInterfaceOrientations_iPhone = "UIInterfaceOrientationPortrait UIInterfaceOrientationLandscapeLeft UIInterfaceOrientationLandscapeRight";
				LD_RUNPATH_SEARCH_PATHS = (
					"$(inherited)",
					"@executable_path/Frameworks",
				);
				MARKETING_VERSION = 1.0;
				PRODUCT_BUNDLE_IDENTIFIER = LuisLozada.Capstone;
				PRODUCT_NAME = "$(TARGET_NAME)";
				SWIFT_EMIT_LOC_STRINGS = YES;
				SWIFT_VERSION = 5.0;
				TARGETED_DEVICE_FAMILY = "1,2";
			};
			name = Debug;
		};
		E4173DC92D94BA3500ACE5CE /* Release */ = {
			isa = XCBuildConfiguration;
			buildSettings = {
				ASSETCATALOG_COMPILER_APPICON_NAME = AppIcon;
				ASSETCATALOG_COMPILER_GLOBAL_ACCENT_COLOR_NAME = AccentColor;
				CODE_SIGN_STYLE = Automatic;
				CURRENT_PROJECT_VERSION = 1;
				GENERATE_INFOPLIST_FILE = YES;
				INFOPLIST_FILE = Capstone/Info.plist;
				INFOPLIST_KEY_UIApplicationSupportsIndirectInputEvents = YES;
				INFOPLIST_KEY_UILaunchStoryboardName = LaunchScreen;
				INFOPLIST_KEY_UIMainStoryboardFile = Main;
				INFOPLIST_KEY_UISupportedInterfaceOrientations_iPad = "UIInterfaceOrientationPortrait UIInterfaceOrientationPortraitUpsideDown UIInterfaceOrientationLandscapeLeft UIInterfaceOrientationLandscapeRight";
				INFOPLIST_KEY_UISupportedInterfaceOrientations_iPhone = "UIInterfaceOrientationPortrait UIInterfaceOrientationLandscapeLeft UIInterfaceOrientationLandscapeRight";
				LD_RUNPATH_SEARCH_PATHS = (
					"$(inherited)",
					"@executable_path/Frameworks",
				);
				MARKETING_VERSION = 1.0;
				PRODUCT_BUNDLE_IDENTIFIER = LuisLozada.Capstone;
				PRODUCT_NAME = "$(TARGET_NAME)";
				SWIFT_EMIT_LOC_STRINGS = YES;
				SWIFT_VERSION = 5.0;
				TARGETED_DEVICE_FAMILY = "1,2";
			};
			name = Release;
		};
		E4173DCA2D94BA3500ACE5CE /* Debug */ = {
			isa = XCBuildConfiguration;
			buildSettings = {
				ALWAYS_SEARCH_USER_PATHS = NO;
				ASSETCATALOG_COMPILER_GENERATE_SWIFT_ASSET_SYMBOL_EXTENSIONS = YES;
				CLANG_ANALYZER_NONNULL = YES;
				CLANG_ANALYZER_NUMBER_OBJECT_CONVERSION = YES_AGGRESSIVE;
				CLANG_CXX_LANGUAGE_STANDARD = "gnu++20";
				CLANG_ENABLE_MODULES = YES;
				CLANG_ENABLE_OBJC_ARC = YES;
				CLANG_ENABLE_OBJC_WEAK = YES;
				CLANG_WARN_BLOCK_CAPTURE_AUTORELEASING = YES;
				CLANG_WARN_BOOL_CONVERSION = YES;
				CLANG_WARN_COMMA = YES;
				CLANG_WARN_CONSTANT_CONVERSION = YES;
				CLANG_WARN_DEPRECATED_OBJC_IMPLEMENTATIONS = YES;
				CLANG_WARN_DIRECT_OBJC_ISA_USAGE = YES_ERROR;
				CLANG_WARN_DOCUMENTATION_COMMENTS = YES;
				CLANG_WARN_EMPTY_BODY = YES;
				CLANG_WARN_ENUM_CONVERSION = YES;
				CLANG_WARN_INFINITE_RECURSION = YES;
				CLANG_WARN_INT_CONVERSION = YES;
				CLANG_WARN_NON_LITERAL_NULL_CONVERSION = YES;
				CLANG_WARN_OBJC_IMPLICIT_RETAIN_SELF = YES;
				CLANG_WARN_OBJC_LITERAL_CONVERSION = YES;
				CLANG_WARN_OBJC_ROOT_CLASS = YES_ERROR;
				CLANG_WARN_QUOTED_INCLUDE_IN_FRAMEWORK_HEADER = YES;
				CLANG_WARN_RANGE_LOOP_ANALYSIS = YES;
				CLANG_WARN_STRICT_PROTOTYPES = YES;
				CLANG_WARN_SUSPICIOUS_MOVE = YES;
				CLANG_WARN_UNGUARDED_AVAILABILITY = YES_AGGRESSIVE;
				CLANG_WARN_UNREACHABLE_CODE = YES;
				CLANG_WARN__DUPLICATE_METHOD_MATCH = YES;
				COPY_PHASE_STRIP = NO;
				DEBUG_INFORMATION_FORMAT = dwarf;
				ENABLE_STRICT_OBJC_MSGSEND = YES;
				ENABLE_TESTABILITY = YES;
				ENABLE_USER_SCRIPT_SANDBOXING = YES;
				GCC_C_LANGUAGE_STANDARD = gnu17;
				GCC_DYNAMIC_NO_PIC = NO;
				GCC_NO_COMMON_BLOCKS = YES;
				GCC_OPTIMIZATION_LEVEL = 0;
				GCC_PREPROCESSOR_DEFINITIONS = (
					"DEBUG=1",
					"$(inherited)",
				);
				GCC_WARN_64_TO_32_BIT_CONVERSION = YES;
				GCC_WARN_ABOUT_RETURN_TYPE = YES_ERROR;
				GCC_WARN_UNDECLARED_SELECTOR = YES;
				GCC_WARN_UNINITIALIZED_AUTOS = YES_AGGRESSIVE;
				GCC_WARN_UNUSED_FUNCTION = YES;
				GCC_WARN_UNUSED_VARIABLE = YES;
				IPHONEOS_DEPLOYMENT_TARGET = 18.2;
				LOCALIZATION_PREFERS_STRING_CATALOGS = YES;
				MTL_ENABLE_DEBUG_INFO = INCLUDE_SOURCE;
				MTL_FAST_MATH = YES;
				ONLY_ACTIVE_ARCH = YES;
				SDKROOT = iphoneos;
				SWIFT_ACTIVE_COMPILATION_CONDITIONS = "DEBUG $(inherited)";
				SWIFT_OPTIMIZATION_LEVEL = "-Onone";
			};
			name = Debug;
		};
		E4173DCB2D94BA3500ACE5CE /* Release */ = {
			isa = XCBuildConfiguration;
			buildSettings = {
				ALWAYS_SEARCH_USER_PATHS = NO;
				ASSETCATALOG_COMPILER_GENERATE_SWIFT_ASSET_SYMBOL_EXTENSIONS = YES;
				CLANG_ANALYZER_NONNULL = YES;
				CLANG_ANALYZER_NUMBER_OBJECT_CONVERSION = YES_AGGRESSIVE;
				CLANG_CXX_LANGUAGE_STANDARD = "gnu++20";
				CLANG_ENABLE_MODULES = YES;
				CLANG_ENABLE_OBJC_ARC = YES;
				CLANG_ENABLE_OBJC_WEAK = YES;
				CLANG_WARN_BLOCK_CAPTURE_AUTORELEASING = YES;
				CLANG_WARN_BOOL_CONVERSION = YES;
				CLANG_WARN_COMMA = YES;
				CLANG_WARN_CONSTANT_CONVERSION = YES;
				CLANG_WARN_DEPRECATED_OBJC_IMPLEMENTATIONS = YES;
				CLANG_WARN_DIRECT_OBJC_ISA_USAGE = YES_ERROR;
				CLANG_WARN_DOCUMENTATION_COMMENTS = YES;
				CLANG_WARN_EMPTY_BODY = YES;
				CLANG_WARN_ENUM_CONVERSION = YES;
				CLANG_WARN_INFINITE_RECURSION = YES;
				CLANG_WARN_INT_CONVERSION = YES;
				CLANG_WARN_NON_LITERAL_NULL_CONVERSION = YES;
				CLANG_WARN_OBJC_IMPLICIT_RETAIN_SELF = YES;
				CLANG_WARN_OBJC_LITERAL_CONVERSION = YES;
				CLANG_WARN_OBJC_ROOT_CLASS = YES_ERROR;
				CLANG_WARN_QUOTED_INCLUDE_IN_FRAMEWORK_HEADER = YES;
				CLANG_WARN_RANGE_LOOP_ANALYSIS = YES;
				CLANG_WARN_STRICT_PROTOTYPES = YES;
				CLANG_WARN_SUSPICIOUS_MOVE = YES;
				CLANG_WARN_UNGUARDED_AVAILABILITY = YES_AGGRESSIVE;
				CLANG_WARN_UNREACHABLE_CODE = YES;
				CLANG_WARN__DUPLICATE_METHOD_MATCH = YES;
				COPY_PHASE_STRIP = NO;
				DEBUG_INFORMATION_FORMAT = "dwarf-with-dsym";
				ENABLE_NS_ASSERTIONS = NO;
				ENABLE_STRICT_OBJC_MSGSEND = YES;
				ENABLE_USER_SCRIPT_SANDBOXING = YES;
				GCC_C_LANGUAGE_STANDARD = gnu17;
				GCC_NO_COMMON_BLOCKS = YES;
				GCC_WARN_64_TO_32_BIT_CONVERSION = YES;
				GCC_WARN_ABOUT_RETURN_TYPE = YES_ERROR;
				GCC_WARN_UNDECLARED_SELECTOR = YES;
				GCC_WARN_UNINITIALIZED_AUTOS = YES_AGGRESSIVE;
				GCC_WARN_UNUSED_FUNCTION = YES;
				GCC_WARN_UNUSED_VARIABLE = YES;
				IPHONEOS_DEPLOYMENT_TARGET = 18.2;
				LOCALIZATION_PREFERS_STRING_CATALOGS = YES;
				MTL_ENABLE_DEBUG_INFO = NO;
				MTL_FAST_MATH = YES;
				SDKROOT = iphoneos;
				SWIFT_COMPILATION_MODE = wholemodule;
				VALIDATE_PRODUCT = YES;
			};
			name = Release;
		};
		E4173DCD2D94BA3500ACE5CE /* Debug */ = {
			isa = XCBuildConfiguration;
			buildSettings = {
				BUNDLE_LOADER = "$(TEST_HOST)";
				CODE_SIGN_STYLE = Automatic;
				CURRENT_PROJECT_VERSION = 1;
				GENERATE_INFOPLIST_FILE = YES;
				IPHONEOS_DEPLOYMENT_TARGET = 18.2;
				MARKETING_VERSION = 1.0;
				PRODUCT_BUNDLE_IDENTIFIER = LuisLozada.CapstoneTests;
				PRODUCT_NAME = "$(TARGET_NAME)";
				SWIFT_EMIT_LOC_STRINGS = NO;
				SWIFT_VERSION = 5.0;
				TARGETED_DEVICE_FAMILY = "1,2";
				TEST_HOST = "$(BUILT_PRODUCTS_DIR)/Capstone.app/$(BUNDLE_EXECUTABLE_FOLDER_PATH)/Capstone";
			};
			name = Debug;
		};
		E4173DCE2D94BA3500ACE5CE /* Release */ = {
			isa = XCBuildConfiguration;
			buildSettings = {
				BUNDLE_LOADER = "$(TEST_HOST)";
				CODE_SIGN_STYLE = Automatic;
				CURRENT_PROJECT_VERSION = 1;
				GENERATE_INFOPLIST_FILE = YES;
				IPHONEOS_DEPLOYMENT_TARGET = 18.2;
				MARKETING_VERSION = 1.0;
				PRODUCT_BUNDLE_IDENTIFIER = LuisLozada.CapstoneTests;
				PRODUCT_NAME = "$(TARGET_NAME)";
				SWIFT_EMIT_LOC_STRINGS = NO;
				SWIFT_VERSION = 5.0;
				TARGETED_DEVICE_FAMILY = "1,2";
				TEST_HOST = "$(BUILT_PRODUCTS_DIR)/Capstone.app/$(BUNDLE_EXECUTABLE_FOLDER_PATH)/Capstone";
			};
			name = Release;
		};
		E4173DD02D94BA3500ACE5CE /* Debug */ = {
			isa = XCBuildConfiguration;
			buildSettings = {
				CODE_SIGN_STYLE = Automatic;
				CURRENT_PROJECT_VERSION = 1;
				GENERATE_INFOPLIST_FILE = YES;
				MARKETING_VERSION = 1.0;
				PRODUCT_BUNDLE_IDENTIFIER = LuisLozada.CapstoneUITests;
				PRODUCT_NAME = "$(TARGET_NAME)";
				SWIFT_EMIT_LOC_STRINGS = NO;
				SWIFT_VERSION = 5.0;
				TARGETED_DEVICE_FAMILY = "1,2";
				TEST_TARGET_NAME = Capstone;
			};
			name = Debug;
		};
		E4173DD12D94BA3500ACE5CE /* Release */ = {
			isa = XCBuildConfiguration;
			buildSettings = {
				CODE_SIGN_STYLE = Automatic;
				CURRENT_PROJECT_VERSION = 1;
				GENERATE_INFOPLIST_FILE = YES;
				MARKETING_VERSION = 1.0;
				PRODUCT_BUNDLE_IDENTIFIER = LuisLozada.CapstoneUITests;
				PRODUCT_NAME = "$(TARGET_NAME)";
				SWIFT_EMIT_LOC_STRINGS = NO;
				SWIFT_VERSION = 5.0;
				TARGETED_DEVICE_FAMILY = "1,2";
				TEST_TARGET_NAME = Capstone;
			};
			name = Release;
		};
/* End XCBuildConfiguration section */

/* Begin XCConfigurationList section */
		E4173D992D94BA3100ACE5CE /* Build configuration list for PBXProject "Capstone" */ = {
			isa = XCConfigurationList;
			buildConfigurations = (
				E4173DCA2D94BA3500ACE5CE /* Debug */,
				E4173DCB2D94BA3500ACE5CE /* Release */,
			);
			defaultConfigurationIsVisible = 0;
			defaultConfigurationName = Release;
		};
		E4173DC72D94BA3500ACE5CE /* Build configuration list for PBXNativeTarget "Capstone" */ = {
			isa = XCConfigurationList;
			buildConfigurations = (
				E4173DC82D94BA3500ACE5CE /* Debug */,
				E4173DC92D94BA3500ACE5CE /* Release */,
			);
			defaultConfigurationIsVisible = 0;
			defaultConfigurationName = Release;
		};
		E4173DCC2D94BA3500ACE5CE /* Build configuration list for PBXNativeTarget "CapstoneTests" */ = {
			isa = XCConfigurationList;
			buildConfigurations = (
				E4173DCD2D94BA3500ACE5CE /* Debug */,
				E4173DCE2D94BA3500ACE5CE /* Release */,
			);
			defaultConfigurationIsVisible = 0;
			defaultConfigurationName = Release;
		};
		E4173DCF2D94BA3500ACE5CE /* Build configuration list for PBXNativeTarget "CapstoneUITests" */ = {
			isa = XCConfigurationList;
			buildConfigurations = (
				E4173DD02D94BA3500ACE5CE /* Debug */,
				E4173DD12D94BA3500ACE5CE /* Release */,
			);
			defaultConfigurationIsVisible = 0;
			defaultConfigurationName = Release;
		};
/* End XCConfigurationList section */

/* Begin XCLocalSwiftPackageReference section */
		E41B235D2DA0AD6100C0FB6E /* XCLocalSwiftPackageReference "Nuke" */ = {
			isa = XCLocalSwiftPackageReference;
			relativePath = Nuke;
		};
/* End XCLocalSwiftPackageReference section */

/* Begin XCSwiftPackageProductDependency section */
		E41B235E2DA0AD6100C0FB6E /* Nuke */ = {
			isa = XCSwiftPackageProductDependency;
			productName = Nuke;
		};
/* End XCSwiftPackageProductDependency section */
	};
	rootObject = E4173D962D94BA3100ACE5CE /* Project object */;
}
